
Microsoft Visual Studio Solution File, Format Version 12.00
# Visual Studio Version 17
VisualStudioVersion = 17.8.34511.84
MinimumVisualStudioVersion = 10.0.40219.1
Project("{FAE04EC0-301F-11D3-BF4B-00C04F79EFBC}") = "backend_server", "backend_server\backend_server.csproj", "{DCC1EA26-9C2D-4135-AC26-6C1D4FE7239D}"
EndProject
Global
	GlobalSection(SolutionConfigurationPlatforms) = preSolution
		Debug|Any CPU = Debug|Any CPU
		Release|Any CPU = Release|Any CPU
	EndGlobalSection
	GlobalSection(ProjectConfigurationPlatforms) = postSolution
		{DCC1EA26-9C2D-4135-AC26-6C1D4FE7239D}.Debug|Any CPU.ActiveCfg = Debug|Any CPU
		{DCC1EA26-9C2D-4135-AC26-6C1D4FE7239D}.Debug|Any CPU.Build.0 = Debug|Any CPU
		{DCC1EA26-9C2D-4135-AC26-6C1D4FE7239D}.Release|Any CPU.ActiveCfg = Release|Any CPU
		{DCC1EA26-9C2D-4135-AC26-6C1D4FE7239D}.Release|Any CPU.Build.0 = Release|Any CPU
	EndGlobalSection
	GlobalSection(SolutionProperties) = preSolution
		HideSolutionNode = FALSE
	EndGlobalSection
	GlobalSection(ExtensibilityGlobals) = postSolution
		SolutionGuid = {45BDF51B-34A2-4197-8096-86BCFA9E04EB}
	EndGlobalSection
EndGlobal
